
Microsoft Visual Studio Solution File, Format Version 12.00
# Visual Studio Version 17
VisualStudioVersion = 17.4.33213.308
MinimumVisualStudioVersion = 10.0.40219.1
Project("{F184B08F-C81C-45F6-A57F-5ABD9991F28F}") = "StudentGradingRecord", "StudentGradingRecord.vbproj", "{DB6D87BA-39C2-4C92-BFAF-C59E3987D200}"
EndProject
Project("{2150E333-8FDC-42A3-9474-1A3956D46DE8}") = "Solution Items", "Solution Items", "{67FCAE74-BD81-4277-9837-926BB2F9739D}"
	ProjectSection(SolutionItems) = preProject
		.editorconfig = .editorconfig
	EndProjectSection
EndProject
Project("{54435603-DBB4-11D2-8724-00A0C9A8B90C}") = "Setup project", "Setup project\Setup project.vdproj", "{B8B85897-2486-47B5-BB28-9FE4B32B94A6}"
EndProject
Global
	GlobalSection(SolutionConfigurationPlatforms) = preSolution
		Debug|Any CPU = Debug|Any CPU
		Release|Any CPU = Release|Any CPU
	EndGlobalSection
	GlobalSection(ProjectConfigurationPlatforms) = postSolution
		{DB6D87BA-39C2-4C92-BFAF-C59E3987D200}.Debug|Any CPU.ActiveCfg = Debug|Any CPU
		{DB6D87BA-39C2-4C92-BFAF-C59E3987D200}.Debug|Any CPU.Build.0 = Debug|Any CPU
		{DB6D87BA-39C2-4C92-BFAF-C59E3987D200}.Release|Any CPU.ActiveCfg = Release|Any CPU
		{DB6D87BA-39C2-4C92-BFAF-C59E3987D200}.Release|Any CPU.Build.0 = Release|Any CPU
		{B8B85897-2486-47B5-BB28-9FE4B32B94A6}.Debug|Any CPU.ActiveCfg = Debug
		{B8B85897-2486-47B5-BB28-9FE4B32B94A6}.Release|Any CPU.ActiveCfg = Release
	EndGlobalSection
	GlobalSection(SolutionProperties) = preSolution
		HideSolutionNode = FALSE
	EndGlobalSection
	GlobalSection(ExtensibilityGlobals) = postSolution
		SolutionGuid = {EC80D0BE-CE3F-454F-9AF6-131FE86CD541}
	EndGlobalSection
EndGlobal
